// !$*UTF8*$!
{
	archiveVersion = 1;
	classes = {
	};
	objectVersion = 50;
	objects = {

/* Begin PBXBuildFile section */
		F9D415CF2101F7290051D73F /* InspiredTests.swift in Sources */ = {isa = PBXBuildFile; fileRef = F9D415CE2101F7290051D73F /* InspiredTests.swift */; };
		F9D415E921022C310051D73F /* Inspired.xcdatamodeld in Sources */ = {isa = PBXBuildFile; fileRef = F9D415DA21022C310051D73F /* Inspired.xcdatamodeld */; };
		F9D415EA21022C310051D73F /* Assets.xcassets in Resources */ = {isa = PBXBuildFile; fileRef = F9D415DC21022C310051D73F /* Assets.xcassets */; };
		F9D415EB21022C310051D73F /* LaunchScreen.storyboard in Resources */ = {isa = PBXBuildFile; fileRef = F9D415DD21022C310051D73F /* LaunchScreen.storyboard */; };
		F9D415EE21022C310051D73F /* ViewController.swift in Sources */ = {isa = PBXBuildFile; fileRef = F9D415E521022C310051D73F /* ViewController.swift */; };
		F9D415EF21022C310051D73F /* AppDelegate.swift in Sources */ = {isa = PBXBuildFile; fileRef = F9D415E721022C310051D73F /* AppDelegate.swift */; };
		F9D415F22102318B0051D73F /* DataService.swift in Sources */ = {isa = PBXBuildFile; fileRef = F9D415F12102318B0051D73F /* DataService.swift */; };
		F9D415F5210233D90051D73F /* Types.swift in Sources */ = {isa = PBXBuildFile; fileRef = F9D415F4210233D90051D73F /* Types.swift */; };
		F9D415F7210234E10051D73F /* PathConfig.swift in Sources */ = {isa = PBXBuildFile; fileRef = F9D415F6210234E10051D73F /* PathConfig.swift */; };
		F9D415F9210238690051D73F /* Tuned.swift in Sources */ = {isa = PBXBuildFile; fileRef = F9D415F8210238690051D73F /* Tuned.swift */; };
		F9D415FC210239AC0051D73F /* Environment.swift in Sources */ = {isa = PBXBuildFile; fileRef = F9D415FB210239AC0051D73F /* Environment.swift */; };
		F9D415FE21023A730051D73F /* ViewLayout.swift in Sources */ = {isa = PBXBuildFile; fileRef = F9D415FD21023A730051D73F /* ViewLayout.swift */; };
		F9D4160021023B060051D73F /* UiConfig.swift in Sources */ = {isa = PBXBuildFile; fileRef = F9D415FF21023B060051D73F /* UiConfig.swift */; };
		F9D4160221024D8F0051D73F /* Open.swift in Sources */ = {isa = PBXBuildFile; fileRef = F9D4160121024D8F0051D73F /* Open.swift */; };
		F9D41609210331F70051D73F /* splash1.jpeg in Resources */ = {isa = PBXBuildFile; fileRef = F9D41608210331F60051D73F /* splash1.jpeg */; };
		F9D4160B210332880051D73F /* SplashViewController.swift in Sources */ = {isa = PBXBuildFile; fileRef = F9D4160A210332880051D73F /* SplashViewController.swift */; };
		F9D4160D210333530051D73F /* ViewConfigure.swift in Sources */ = {isa = PBXBuildFile; fileRef = F9D4160C210333530051D73F /* ViewConfigure.swift */; };
		F9D41610210350FD0051D73F /* AuthViewController.swift in Sources */ = {isa = PBXBuildFile; fileRef = F9D4160F210350FD0051D73F /* AuthViewController.swift */; };
		F9D41612210351D60051D73F /* Utils.swift in Sources */ = {isa = PBXBuildFile; fileRef = F9D41611210351D60051D73F /* Utils.swift */; };
		F9D41614210356640051D73F /* Window.swift in Sources */ = {isa = PBXBuildFile; fileRef = F9D41613210356640051D73F /* Window.swift */; };
		F9D416162103663E0051D73F /* UnsplashViewController.swift in Sources */ = {isa = PBXBuildFile; fileRef = F9D416152103663E0051D73F /* UnsplashViewController.swift */; };
		F9D4161921036EBB0051D73F /* AuthManager.swift in Sources */ = {isa = PBXBuildFile; fileRef = F9D4161821036EBB0051D73F /* AuthManager.swift */; };
		F9D416202103805C0051D73F /* FeedViewController.swift in Sources */ = {isa = PBXBuildFile; fileRef = F9D4161F2103805C0051D73F /* FeedViewController.swift */; };
		F9D41624210382590051D73F /* PhotosProvider.swift in Sources */ = {isa = PBXBuildFile; fileRef = F9D41623210382590051D73F /* PhotosProvider.swift */; };
		F9D41626210382EE0051D73F /* NetworkService.swift in Sources */ = {isa = PBXBuildFile; fileRef = F9D41625210382EE0051D73F /* NetworkService.swift */; };
		F9D416282103B6D40051D73F /* Photo.swift in Sources */ = {isa = PBXBuildFile; fileRef = F9D416272103B6D40051D73F /* Photo.swift */; };
		F9D4162A2104C6C70051D73F /* PhotoCell.swift in Sources */ = {isa = PBXBuildFile; fileRef = F9D416292104C6C70051D73F /* PhotoCell.swift */; };
/* End PBXBuildFile section */

/* Begin PBXContainerItemProxy section */
		F9D415CB2101F7290051D73F /* PBXContainerItemProxy */ = {
			isa = PBXContainerItemProxy;
			containerPortal = F9D415AB2101F7280051D73F /* Project object */;
			proxyType = 1;
			remoteGlobalIDString = F9D415B22101F7280051D73F;
			remoteInfo = Inspired;
		};
/* End PBXContainerItemProxy section */

/* Begin PBXFileReference section */
		F9D415B32101F7280051D73F /* Inspired.app */ = {isa = PBXFileReference; explicitFileType = wrapper.application; includeInIndex = 0; path = Inspired.app; sourceTree = BUILT_PRODUCTS_DIR; };
		F9D415CA2101F7290051D73F /* InspiredTests.xctest */ = {isa = PBXFileReference; explicitFileType = wrapper.cfbundle; includeInIndex = 0; path = InspiredTests.xctest; sourceTree = BUILT_PRODUCTS_DIR; };
		F9D415CE2101F7290051D73F /* InspiredTests.swift */ = {isa = PBXFileReference; lastKnownFileType = sourcecode.swift; path = InspiredTests.swift; sourceTree = "<group>"; };
		F9D415D02101F7290051D73F /* Info.plist */ = {isa = PBXFileReference; lastKnownFileType = text.plist.xml; path = Info.plist; sourceTree = "<group>"; };
		F9D415DB21022C310051D73F /* Inspired.xcdatamodel */ = {isa = PBXFileReference; lastKnownFileType = wrapper.xcdatamodel; path = Inspired.xcdatamodel; sourceTree = "<group>"; };
		F9D415DC21022C310051D73F /* Assets.xcassets */ = {isa = PBXFileReference; lastKnownFileType = folder.assetcatalog; path = Assets.xcassets; sourceTree = "<group>"; };
		F9D415DE21022C310051D73F /* Base */ = {isa = PBXFileReference; lastKnownFileType = file.storyboard; name = Base; path = Base.lproj/LaunchScreen.storyboard; sourceTree = "<group>"; };
		F9D415E121022C310051D73F /* Info.plist */ = {isa = PBXFileReference; fileEncoding = 4; lastKnownFileType = text.plist.xml; path = Info.plist; sourceTree = "<group>"; };
		F9D415E521022C310051D73F /* ViewController.swift */ = {isa = PBXFileReference; fileEncoding = 4; lastKnownFileType = sourcecode.swift; path = ViewController.swift; sourceTree = "<group>"; };
		F9D415E721022C310051D73F /* AppDelegate.swift */ = {isa = PBXFileReference; fileEncoding = 4; lastKnownFileType = sourcecode.swift; path = AppDelegate.swift; sourceTree = "<group>"; };
		F9D415F12102318B0051D73F /* DataService.swift */ = {isa = PBXFileReference; lastKnownFileType = sourcecode.swift; path = DataService.swift; sourceTree = "<group>"; };
		F9D415F4210233D90051D73F /* Types.swift */ = {isa = PBXFileReference; lastKnownFileType = sourcecode.swift; path = Types.swift; sourceTree = "<group>"; };
		F9D415F6210234E10051D73F /* PathConfig.swift */ = {isa = PBXFileReference; lastKnownFileType = sourcecode.swift; path = PathConfig.swift; sourceTree = "<group>"; };
		F9D415F8210238690051D73F /* Tuned.swift */ = {isa = PBXFileReference; lastKnownFileType = sourcecode.swift; path = Tuned.swift; sourceTree = "<group>"; };
		F9D415FB210239AC0051D73F /* Environment.swift */ = {isa = PBXFileReference; lastKnownFileType = sourcecode.swift; path = Environment.swift; sourceTree = "<group>"; };
		F9D415FD21023A730051D73F /* ViewLayout.swift */ = {isa = PBXFileReference; lastKnownFileType = sourcecode.swift; path = ViewLayout.swift; sourceTree = "<group>"; };
		F9D415FF21023B060051D73F /* UiConfig.swift */ = {isa = PBXFileReference; lastKnownFileType = sourcecode.swift; path = UiConfig.swift; sourceTree = "<group>"; };
		F9D4160121024D8F0051D73F /* Open.swift */ = {isa = PBXFileReference; lastKnownFileType = sourcecode.swift; path = Open.swift; sourceTree = "<group>"; };
		F9D41608210331F60051D73F /* splash1.jpeg */ = {isa = PBXFileReference; lastKnownFileType = image.jpeg; path = splash1.jpeg; sourceTree = "<group>"; };
		F9D4160A210332880051D73F /* SplashViewController.swift */ = {isa = PBXFileReference; lastKnownFileType = sourcecode.swift; path = SplashViewController.swift; sourceTree = "<group>"; };
		F9D4160C210333530051D73F /* ViewConfigure.swift */ = {isa = PBXFileReference; lastKnownFileType = sourcecode.swift; path = ViewConfigure.swift; sourceTree = "<group>"; };
		F9D4160F210350FD0051D73F /* AuthViewController.swift */ = {isa = PBXFileReference; lastKnownFileType = sourcecode.swift; path = AuthViewController.swift; sourceTree = "<group>"; };
		F9D41611210351D60051D73F /* Utils.swift */ = {isa = PBXFileReference; lastKnownFileType = sourcecode.swift; path = Utils.swift; sourceTree = "<group>"; };
		F9D41613210356640051D73F /* Window.swift */ = {isa = PBXFileReference; lastKnownFileType = sourcecode.swift; path = Window.swift; sourceTree = "<group>"; };
		F9D416152103663E0051D73F /* UnsplashViewController.swift */ = {isa = PBXFileReference; lastKnownFileType = sourcecode.swift; path = UnsplashViewController.swift; sourceTree = "<group>"; };
		F9D4161821036EBB0051D73F /* AuthManager.swift */ = {isa = PBXFileReference; lastKnownFileType = sourcecode.swift; path = AuthManager.swift; sourceTree = "<group>"; };
		F9D4161F2103805C0051D73F /* FeedViewController.swift */ = {isa = PBXFileReference; fileEncoding = 4; lastKnownFileType = sourcecode.swift; path = FeedViewController.swift; sourceTree = "<group>"; };
		F9D41623210382590051D73F /* PhotosProvider.swift */ = {isa = PBXFileReference; lastKnownFileType = sourcecode.swift; path = PhotosProvider.swift; sourceTree = "<group>"; };
		F9D41625210382EE0051D73F /* NetworkService.swift */ = {isa = PBXFileReference; lastKnownFileType = sourcecode.swift; path = NetworkService.swift; sourceTree = "<group>"; };
		F9D416272103B6D40051D73F /* Photo.swift */ = {isa = PBXFileReference; lastKnownFileType = sourcecode.swift; path = Photo.swift; sourceTree = "<group>"; };
		F9D416292104C6C70051D73F /* PhotoCell.swift */ = {isa = PBXFileReference; lastKnownFileType = sourcecode.swift; path = PhotoCell.swift; sourceTree = "<group>"; };
/* End PBXFileReference section */

/* Begin PBXFrameworksBuildPhase section */
		F9D415B02101F7280051D73F /* Frameworks */ = {
			isa = PBXFrameworksBuildPhase;
			buildActionMask = 2147483647;
			files = (
			);
			runOnlyForDeploymentPostprocessing = 0;
		};
		F9D415C72101F7290051D73F /* Frameworks */ = {
			isa = PBXFrameworksBuildPhase;
			buildActionMask = 2147483647;
			files = (
			);
			runOnlyForDeploymentPostprocessing = 0;
		};
/* End PBXFrameworksBuildPhase section */

/* Begin PBXGroup section */
		F9D415AA2101F7280051D73F = {
			isa = PBXGroup;
			children = (
				F9D415B52101F7280051D73F /* Inspired */,
				F9D415CD2101F7290051D73F /* InspiredTests */,
				F9D415B42101F7280051D73F /* Products */,
			);
			sourceTree = "<group>";
		};
		F9D415B42101F7280051D73F /* Products */ = {
			isa = PBXGroup;
			children = (
				F9D415B32101F7280051D73F /* Inspired.app */,
				F9D415CA2101F7290051D73F /* InspiredTests.xctest */,
			);
			name = Products;
			sourceTree = "<group>";
		};
		F9D415B52101F7280051D73F /* Inspired */ = {
			isa = PBXGroup;
			children = (
				F9D415E221022C310051D73F /* Source */,
				F9D415D921022C310051D73F /* Resources */,
			);
			path = Inspired;
			sourceTree = "<group>";
		};
		F9D415CD2101F7290051D73F /* InspiredTests */ = {
			isa = PBXGroup;
			children = (
				F9D415CE2101F7290051D73F /* InspiredTests.swift */,
				F9D415D02101F7290051D73F /* Info.plist */,
			);
			path = InspiredTests;
			sourceTree = "<group>";
		};
		F9D415D921022C310051D73F /* Resources */ = {
			isa = PBXGroup;
			children = (
				F9D4160521025BC60051D73F /* Image */,
				F9D415DA21022C310051D73F /* Inspired.xcdatamodeld */,
				F9D415DC21022C310051D73F /* Assets.xcassets */,
				F9D415DD21022C310051D73F /* LaunchScreen.storyboard */,
				F9D415E121022C310051D73F /* Info.plist */,
			);
			path = Resources;
			sourceTree = "<group>";
		};
		F9D415E221022C310051D73F /* Source */ = {
			isa = PBXGroup;
			children = (
				F9D415E721022C310051D73F /* AppDelegate.swift */,
				F9D415E621022C310051D73F /* Config */,
				F9D4161D210380420051D73F /* Model */,
				F9D415E821022C310051D73F /* Flow */,
				F9D415E321022C310051D73F /* Core */,
			);
			path = Source;
			sourceTree = "<group>";
		};
		F9D415E321022C310051D73F /* Core */ = {
			isa = PBXGroup;
			children = (
				F9D415F3210232AA0051D73F /* Declaration */,
				F9D415E421022C310051D73F /* Component */,
				F9D415F0210231530051D73F /* Service */,
			);
			path = Core;
			sourceTree = "<group>";
		};
		F9D415E421022C310051D73F /* Component */ = {
			isa = PBXGroup;
			children = (
				F9D41613210356640051D73F /* Window.swift */,
				F9D415FD21023A730051D73F /* ViewLayout.swift */,
				F9D4160C210333530051D73F /* ViewConfigure.swift */,
				F9D415E521022C310051D73F /* ViewController.swift */,
				F9D416292104C6C70051D73F /* PhotoCell.swift */,
			);
			path = Component;
			sourceTree = "<group>";
		};
		F9D415E621022C310051D73F /* Config */ = {
			isa = PBXGroup;
			children = (
				F9D415F6210234E10051D73F /* PathConfig.swift */,
				F9D415FF21023B060051D73F /* UiConfig.swift */,
			);
			path = Config;
			sourceTree = "<group>";
		};
		F9D415E821022C310051D73F /* Flow */ = {
			isa = PBXGroup;
			children = (
				F9D415FA210239340051D73F /* Splash */,
				F9D4160E210350920051D73F /* Auth */,
				F9D4161E2103805C0051D73F /* Home */,
			);
			path = Flow;
			sourceTree = "<group>";
		};
		F9D415F0210231530051D73F /* Service */ = {
			isa = PBXGroup;
			children = (
				F9D415F12102318B0051D73F /* DataService.swift */,
				F9D41625210382EE0051D73F /* NetworkService.swift */,
			);
			path = Service;
			sourceTree = "<group>";
		};
		F9D415F3210232AA0051D73F /* Declaration */ = {
			isa = PBXGroup;
			children = (
				F9D415F4210233D90051D73F /* Types.swift */,
				F9D4160121024D8F0051D73F /* Open.swift */,
				F9D415F8210238690051D73F /* Tuned.swift */,
				F9D415FB210239AC0051D73F /* Environment.swift */,
				F9D41611210351D60051D73F /* Utils.swift */,
			);
			path = Declaration;
			sourceTree = "<group>";
		};
		F9D415FA210239340051D73F /* Splash */ = {
			isa = PBXGroup;
			children = (
				F9D4160A210332880051D73F /* SplashViewController.swift */,
			);
			path = Splash;
			sourceTree = "<group>";
		};
		F9D4160521025BC60051D73F /* Image */ = {
			isa = PBXGroup;
			children = (
				F9D41608210331F60051D73F /* splash1.jpeg */,
			);
			path = Image;
			sourceTree = "<group>";
		};
		F9D4160E210350920051D73F /* Auth */ = {
			isa = PBXGroup;
			children = (
				F9D4161721036E850051D73F /* Component */,
				F9D4160F210350FD0051D73F /* AuthViewController.swift */,
				F9D416152103663E0051D73F /* UnsplashViewController.swift */,
			);
			path = Auth;
			sourceTree = "<group>";
		};
		F9D4161721036E850051D73F /* Component */ = {
			isa = PBXGroup;
			children = (
				F9D4161821036EBB0051D73F /* AuthManager.swift */,
			);
			path = Component;
			sourceTree = "<group>";
		};
		F9D4161D210380420051D73F /* Model */ = {
			isa = PBXGroup;
			children = (
				F9D41621210382380051D73F /* Data */,
				F9D41622210382380051D73F /* Provider */,
			);
			path = Model;
			sourceTree = "<group>";
		};
		F9D4161E2103805C0051D73F /* Home */ = {
			isa = PBXGroup;
			children = (
				F9D4161F2103805C0051D73F /* FeedViewController.swift */,
			);
			path = Home;
			sourceTree = "<group>";
		};
		F9D41621210382380051D73F /* Data */ = {
			isa = PBXGroup;
			children = (
				F9D416272103B6D40051D73F /* Photo.swift */,
			);
			path = Data;
			sourceTree = "<group>";
		};
		F9D41622210382380051D73F /* Provider */ = {
			isa = PBXGroup;
			children = (
				F9D41623210382590051D73F /* PhotosProvider.swift */,
			);
			path = Provider;
			sourceTree = "<group>";
		};
/* End PBXGroup section */

/* Begin PBXNativeTarget section */
		F9D415B22101F7280051D73F /* Inspired */ = {
			isa = PBXNativeTarget;
			buildConfigurationList = F9D415D32101F7290051D73F /* Build configuration list for PBXNativeTarget "Inspired" */;
			buildPhases = (
				F9D415AF2101F7280051D73F /* Sources */,
				F9D415B02101F7280051D73F /* Frameworks */,
				F9D415B12101F7280051D73F /* Resources */,
			);
			buildRules = (
			);
			dependencies = (
			);
			name = Inspired;
			productName = Inspired;
			productReference = F9D415B32101F7280051D73F /* Inspired.app */;
			productType = "com.apple.product-type.application";
		};
		F9D415C92101F7290051D73F /* InspiredTests */ = {
			isa = PBXNativeTarget;
			buildConfigurationList = F9D415D62101F7290051D73F /* Build configuration list for PBXNativeTarget "InspiredTests" */;
			buildPhases = (
				F9D415C62101F7290051D73F /* Sources */,
				F9D415C72101F7290051D73F /* Frameworks */,
				F9D415C82101F7290051D73F /* Resources */,
			);
			buildRules = (
			);
			dependencies = (
				F9D415CC2101F7290051D73F /* PBXTargetDependency */,
			);
			name = InspiredTests;
			productName = InspiredTests;
			productReference = F9D415CA2101F7290051D73F /* InspiredTests.xctest */;
			productType = "com.apple.product-type.bundle.unit-test";
		};
/* End PBXNativeTarget section */

/* Begin PBXProject section */
		F9D415AB2101F7280051D73F /* Project object */ = {
			isa = PBXProject;
			attributes = {
				LastSwiftUpdateCheck = 0940;
				LastUpgradeCheck = 0940;
				ORGANIZATIONNAME = mykytashytik;
				TargetAttributes = {
					F9D415B22101F7280051D73F = {
						CreatedOnToolsVersion = 9.4.1;
					};
					F9D415C92101F7290051D73F = {
						CreatedOnToolsVersion = 9.4.1;
						TestTargetID = F9D415B22101F7280051D73F;
					};
				};
			};
			buildConfigurationList = F9D415AE2101F7280051D73F /* Build configuration list for PBXProject "Inspired" */;
			compatibilityVersion = "Xcode 9.3";
			developmentRegion = en;
			hasScannedForEncodings = 0;
			knownRegions = (
				en,
				Base,
			);
			mainGroup = F9D415AA2101F7280051D73F;
			productRefGroup = F9D415B42101F7280051D73F /* Products */;
			projectDirPath = "";
			projectRoot = "";
			targets = (
				F9D415B22101F7280051D73F /* Inspired */,
				F9D415C92101F7290051D73F /* InspiredTests */,
			);
		};
/* End PBXProject section */

/* Begin PBXResourcesBuildPhase section */
		F9D415B12101F7280051D73F /* Resources */ = {
			isa = PBXResourcesBuildPhase;
			buildActionMask = 2147483647;
			files = (
				F9D41609210331F70051D73F /* splash1.jpeg in Resources */,
				F9D415EA21022C310051D73F /* Assets.xcassets in Resources */,
				F9D415EB21022C310051D73F /* LaunchScreen.storyboard in Resources */,
			);
			runOnlyForDeploymentPostprocessing = 0;
		};
		F9D415C82101F7290051D73F /* Resources */ = {
			isa = PBXResourcesBuildPhase;
			buildActionMask = 2147483647;
			files = (
			);
			runOnlyForDeploymentPostprocessing = 0;
		};
/* End PBXResourcesBuildPhase section */

/* Begin PBXSourcesBuildPhase section */
		F9D415AF2101F7280051D73F /* Sources */ = {
			isa = PBXSourcesBuildPhase;
			buildActionMask = 2147483647;
			files = (
				F9D415F22102318B0051D73F /* DataService.swift in Sources */,
				F9D4161921036EBB0051D73F /* AuthManager.swift in Sources */,
				F9D415FC210239AC0051D73F /* Environment.swift in Sources */,
				F9D415EF21022C310051D73F /* AppDelegate.swift in Sources */,
				F9D416202103805C0051D73F /* FeedViewController.swift in Sources */,
				F9D4160B210332880051D73F /* SplashViewController.swift in Sources */,
				F9D4160021023B060051D73F /* UiConfig.swift in Sources */,
				F9D41612210351D60051D73F /* Utils.swift in Sources */,
				F9D415F7210234E10051D73F /* PathConfig.swift in Sources */,
				F9D415EE21022C310051D73F /* ViewController.swift in Sources */,
				F9D415FE21023A730051D73F /* ViewLayout.swift in Sources */,
				F9D4160221024D8F0051D73F /* Open.swift in Sources */,
				F9D4162A2104C6C70051D73F /* PhotoCell.swift in Sources */,
				F9D415F9210238690051D73F /* Tuned.swift in Sources */,
				F9D41626210382EE0051D73F /* NetworkService.swift in Sources */,
				F9D416162103663E0051D73F /* UnsplashViewController.swift in Sources */,
				F9D41610210350FD0051D73F /* AuthViewController.swift in Sources */,
				F9D415F5210233D90051D73F /* Types.swift in Sources */,
				F9D4160D210333530051D73F /* ViewConfigure.swift in Sources */,
				F9D416282103B6D40051D73F /* Photo.swift in Sources */,
				F9D415E921022C310051D73F /* Inspired.xcdatamodeld in Sources */,
				F9D41614210356640051D73F /* Window.swift in Sources */,
				F9D41624210382590051D73F /* PhotosProvider.swift in Sources */,
			);
			runOnlyForDeploymentPostprocessing = 0;
		};
		F9D415C62101F7290051D73F /* Sources */ = {
			isa = PBXSourcesBuildPhase;
			buildActionMask = 2147483647;
			files = (
				F9D415CF2101F7290051D73F /* InspiredTests.swift in Sources */,
			);
			runOnlyForDeploymentPostprocessing = 0;
		};
/* End PBXSourcesBuildPhase section */

/* Begin PBXTargetDependency section */
		F9D415CC2101F7290051D73F /* PBXTargetDependency */ = {
			isa = PBXTargetDependency;
			target = F9D415B22101F7280051D73F /* Inspired */;
			targetProxy = F9D415CB2101F7290051D73F /* PBXContainerItemProxy */;
		};
/* End PBXTargetDependency section */

/* Begin PBXVariantGroup section */
		F9D415DD21022C310051D73F /* LaunchScreen.storyboard */ = {
			isa = PBXVariantGroup;
			children = (
				F9D415DE21022C310051D73F /* Base */,
			);
			name = LaunchScreen.storyboard;
			sourceTree = "<group>";
		};
/* End PBXVariantGroup section */

/* Begin XCBuildConfiguration section */
		F9D415D12101F7290051D73F /* Debug */ = {
			isa = XCBuildConfiguration;
			buildSettings = {
				ALWAYS_SEARCH_USER_PATHS = NO;
				CLANG_ANALYZER_NONNULL = YES;
				CLANG_ANALYZER_NUMBER_OBJECT_CONVERSION = YES_AGGRESSIVE;
				CLANG_CXX_LANGUAGE_STANDARD = "gnu++14";
				CLANG_CXX_LIBRARY = "libc++";
				CLANG_ENABLE_MODULES = YES;
				CLANG_ENABLE_OBJC_ARC = YES;
				CLANG_ENABLE_OBJC_WEAK = YES;
				CLANG_WARN_BLOCK_CAPTURE_AUTORELEASING = YES;
				CLANG_WARN_BOOL_CONVERSION = YES;
				CLANG_WARN_COMMA = YES;
				CLANG_WARN_CONSTANT_CONVERSION = YES;
				CLANG_WARN_DEPRECATED_OBJC_IMPLEMENTATIONS = YES;
				CLANG_WARN_DIRECT_OBJC_ISA_USAGE = YES_ERROR;
				CLANG_WARN_DOCUMENTATION_COMMENTS = YES;
				CLANG_WARN_EMPTY_BODY = YES;
				CLANG_WARN_ENUM_CONVERSION = YES;
				CLANG_WARN_INFINITE_RECURSION = YES;
				CLANG_WARN_INT_CONVERSION = YES;
				CLANG_WARN_NON_LITERAL_NULL_CONVERSION = YES;
				CLANG_WARN_OBJC_IMPLICIT_RETAIN_SELF = YES;
				CLANG_WARN_OBJC_LITERAL_CONVERSION = YES;
				CLANG_WARN_OBJC_ROOT_CLASS = YES_ERROR;
				CLANG_WARN_RANGE_LOOP_ANALYSIS = YES;
				CLANG_WARN_STRICT_PROTOTYPES = YES;
				CLANG_WARN_SUSPICIOUS_MOVE = YES;
				CLANG_WARN_UNGUARDED_AVAILABILITY = YES_AGGRESSIVE;
				CLANG_WARN_UNREACHABLE_CODE = YES;
				CLANG_WARN__DUPLICATE_METHOD_MATCH = YES;
				CODE_SIGN_IDENTITY = "iPhone Developer";
				COPY_PHASE_STRIP = NO;
				DEBUG_INFORMATION_FORMAT = dwarf;
				ENABLE_STRICT_OBJC_MSGSEND = YES;
				ENABLE_TESTABILITY = YES;
				GCC_C_LANGUAGE_STANDARD = gnu11;
				GCC_DYNAMIC_NO_PIC = NO;
				GCC_NO_COMMON_BLOCKS = YES;
				GCC_OPTIMIZATION_LEVEL = 0;
				GCC_PREPROCESSOR_DEFINITIONS = (
					"DEBUG=1",
					"$(inherited)",
				);
				GCC_WARN_64_TO_32_BIT_CONVERSION = YES;
				GCC_WARN_ABOUT_RETURN_TYPE = YES_ERROR;
				GCC_WARN_UNDECLARED_SELECTOR = YES;
				GCC_WARN_UNINITIALIZED_AUTOS = YES_AGGRESSIVE;
				GCC_WARN_UNUSED_FUNCTION = YES;
				GCC_WARN_UNUSED_VARIABLE = YES;
				IPHONEOS_DEPLOYMENT_TARGET = 11.4;
				MTL_ENABLE_DEBUG_INFO = YES;
				ONLY_ACTIVE_ARCH = YES;
				SDKROOT = iphoneos;
				SWIFT_ACTIVE_COMPILATION_CONDITIONS = DEBUG;
				SWIFT_OPTIMIZATION_LEVEL = "-Onone";
			};
			name = Debug;
		};
		F9D415D22101F7290051D73F /* Release */ = {
			isa = XCBuildConfiguration;
			buildSettings = {
				ALWAYS_SEARCH_USER_PATHS = NO;
				CLANG_ANALYZER_NONNULL = YES;
				CLANG_ANALYZER_NUMBER_OBJECT_CONVERSION = YES_AGGRESSIVE;
				CLANG_CXX_LANGUAGE_STANDARD = "gnu++14";
				CLANG_CXX_LIBRARY = "libc++";
				CLANG_ENABLE_MODULES = YES;
				CLANG_ENABLE_OBJC_ARC = YES;
				CLANG_ENABLE_OBJC_WEAK = YES;
				CLANG_WARN_BLOCK_CAPTURE_AUTORELEASING = YES;
				CLANG_WARN_BOOL_CONVERSION = YES;
				CLANG_WARN_COMMA = YES;
				CLANG_WARN_CONSTANT_CONVERSION = YES;
				CLANG_WARN_DEPRECATED_OBJC_IMPLEMENTATIONS = YES;
				CLANG_WARN_DIRECT_OBJC_ISA_USAGE = YES_ERROR;
				CLANG_WARN_DOCUMENTATION_COMMENTS = YES;
				CLANG_WARN_EMPTY_BODY = YES;
				CLANG_WARN_ENUM_CONVERSION = YES;
				CLANG_WARN_INFINITE_RECURSION = YES;
				CLANG_WARN_INT_CONVERSION = YES;
				CLANG_WARN_NON_LITERAL_NULL_CONVERSION = YES;
				CLANG_WARN_OBJC_IMPLICIT_RETAIN_SELF = YES;
				CLANG_WARN_OBJC_LITERAL_CONVERSION = YES;
				CLANG_WARN_OBJC_ROOT_CLASS = YES_ERROR;
				CLANG_WARN_RANGE_LOOP_ANALYSIS = YES;
				CLANG_WARN_STRICT_PROTOTYPES = YES;
				CLANG_WARN_SUSPICIOUS_MOVE = YES;
				CLANG_WARN_UNGUARDED_AVAILABILITY = YES_AGGRESSIVE;
				CLANG_WARN_UNREACHABLE_CODE = YES;
				CLANG_WARN__DUPLICATE_METHOD_MATCH = YES;
				CODE_SIGN_IDENTITY = "iPhone Developer";
				COPY_PHASE_STRIP = NO;
				DEBUG_INFORMATION_FORMAT = "dwarf-with-dsym";
				ENABLE_NS_ASSERTIONS = NO;
				ENABLE_STRICT_OBJC_MSGSEND = YES;
				GCC_C_LANGUAGE_STANDARD = gnu11;
				GCC_NO_COMMON_BLOCKS = YES;
				GCC_WARN_64_TO_32_BIT_CONVERSION = YES;
				GCC_WARN_ABOUT_RETURN_TYPE = YES_ERROR;
				GCC_WARN_UNDECLARED_SELECTOR = YES;
				GCC_WARN_UNINITIALIZED_AUTOS = YES_AGGRESSIVE;
				GCC_WARN_UNUSED_FUNCTION = YES;
				GCC_WARN_UNUSED_VARIABLE = YES;
				IPHONEOS_DEPLOYMENT_TARGET = 11.4;
				MTL_ENABLE_DEBUG_INFO = NO;
				SDKROOT = iphoneos;
				SWIFT_COMPILATION_MODE = wholemodule;
				SWIFT_OPTIMIZATION_LEVEL = "-O";
				VALIDATE_PRODUCT = YES;
			};
			name = Release;
		};
		F9D415D42101F7290051D73F /* Debug */ = {
			isa = XCBuildConfiguration;
			buildSettings = {
				ASSETCATALOG_COMPILER_APPICON_NAME = AppIcon;
				CODE_SIGN_STYLE = Automatic;
				INFOPLIST_FILE = Inspired/Resources/Info.plist;
				LD_RUNPATH_SEARCH_PATHS = (
					"$(inherited)",
					"@executable_path/Frameworks",
				);
				PRODUCT_BUNDLE_IDENTIFIER = mykytashytik.Inspired;
				PRODUCT_NAME = "$(TARGET_NAME)";
				SWIFT_VERSION = 4.0;
				TARGETED_DEVICE_FAMILY = "1,2";
			};
			name = Debug;
		};
		F9D415D52101F7290051D73F /* Release */ = {
			isa = XCBuildConfiguration;
			buildSettings = {
				ASSETCATALOG_COMPILER_APPICON_NAME = AppIcon;
				CODE_SIGN_STYLE = Automatic;
				INFOPLIST_FILE = Inspired/Resources/Info.plist;
				LD_RUNPATH_SEARCH_PATHS = (
					"$(inherited)",
					"@executable_path/Frameworks",
				);
				PRODUCT_BUNDLE_IDENTIFIER = mykytashytik.Inspired;
				PRODUCT_NAME = "$(TARGET_NAME)";
				SWIFT_VERSION = 4.0;
				TARGETED_DEVICE_FAMILY = "1,2";
			};
			name = Release;
		};
		F9D415D72101F7290051D73F /* Debug */ = {
			isa = XCBuildConfiguration;
			buildSettings = {
				ALWAYS_EMBED_SWIFT_STANDARD_LIBRARIES = YES;
				BUNDLE_LOADER = "$(TEST_HOST)";
				CODE_SIGN_STYLE = Automatic;
				INFOPLIST_FILE = InspiredTests/Info.plist;
				LD_RUNPATH_SEARCH_PATHS = (
					"$(inherited)",
					"@executable_path/Frameworks",
					"@loader_path/Frameworks",
				);
				PRODUCT_BUNDLE_IDENTIFIER = mykytashytik.InspiredTests;
				PRODUCT_NAME = "$(TARGET_NAME)";
				SWIFT_VERSION = 4.0;
				TARGETED_DEVICE_FAMILY = "1,2";
				TEST_HOST = "$(BUILT_PRODUCTS_DIR)/Inspired.app/Inspired";
			};
			name = Debug;
		};
		F9D415D82101F7290051D73F /* Release */ = {
			isa = XCBuildConfiguration;
			buildSettings = {
				ALWAYS_EMBED_SWIFT_STANDARD_LIBRARIES = YES;
				BUNDLE_LOADER = "$(TEST_HOST)";
				CODE_SIGN_STYLE = Automatic;
				INFOPLIST_FILE = InspiredTests/Info.plist;
				LD_RUNPATH_SEARCH_PATHS = (
					"$(inherited)",
					"@executable_path/Frameworks",
					"@loader_path/Frameworks",
				);
				PRODUCT_BUNDLE_IDENTIFIER = mykytashytik.InspiredTests;
				PRODUCT_NAME = "$(TARGET_NAME)";
				SWIFT_VERSION = 4.0;
				TARGETED_DEVICE_FAMILY = "1,2";
				TEST_HOST = "$(BUILT_PRODUCTS_DIR)/Inspired.app/Inspired";
			};
			name = Release;
		};
/* End XCBuildConfiguration section */

/* Begin XCConfigurationList section */
		F9D415AE2101F7280051D73F /* Build configuration list for PBXProject "Inspired" */ = {
			isa = XCConfigurationList;
			buildConfigurations = (
				F9D415D12101F7290051D73F /* Debug */,
				F9D415D22101F7290051D73F /* Release */,
			);
			defaultConfigurationIsVisible = 0;
			defaultConfigurationName = Release;
		};
		F9D415D32101F7290051D73F /* Build configuration list for PBXNativeTarget "Inspired" */ = {
			isa = XCConfigurationList;
			buildConfigurations = (
				F9D415D42101F7290051D73F /* Debug */,
				F9D415D52101F7290051D73F /* Release */,
			);
			defaultConfigurationIsVisible = 0;
			defaultConfigurationName = Release;
		};
		F9D415D62101F7290051D73F /* Build configuration list for PBXNativeTarget "InspiredTests" */ = {
			isa = XCConfigurationList;
			buildConfigurations = (
				F9D415D72101F7290051D73F /* Debug */,
				F9D415D82101F7290051D73F /* Release */,
			);
			defaultConfigurationIsVisible = 0;
			defaultConfigurationName = Release;
		};
/* End XCConfigurationList section */

/* Begin XCVersionGroup section */
		F9D415DA21022C310051D73F /* Inspired.xcdatamodeld */ = {
			isa = XCVersionGroup;
			children = (
				F9D415DB21022C310051D73F /* Inspired.xcdatamodel */,
			);
			currentVersion = F9D415DB21022C310051D73F /* Inspired.xcdatamodel */;
			path = Inspired.xcdatamodeld;
			sourceTree = "<group>";
			versionGroupType = wrapper.xcdatamodel;
		};
/* End XCVersionGroup section */
	};
	rootObject = F9D415AB2101F7280051D73F /* Project object */;
}
